PODS:
  - Alamofire (4.8.2)
  - IQKeyboardManagerSwift (6.4.0)
  - KVSpinnerView (1.0.1)
  - Moya (13.0.1):
    - Moya/Core (= 13.0.1)
  - Moya/Core (13.0.1):
    - Alamofire (~> 4.1)
    - Result (~> 4.1)
  - MXParallaxHeader (0.6.1)
  - Nuke (7.6.3)
  - QuickLayout (3.0.0)
  - Result (4.1.0)
  - SwiftEntryKit (1.0.2):
    - QuickLayout (= 3.0.0)

DEPENDENCIES:
  - IQKeyboardManagerSwift
  - KVSpinnerView
  - Moya
  - MXParallaxHeader
  - Nuke
  - SwiftEntryKit

SPEC REPOS:
  https://github.com/cocoapods/specs.git:
    - Alamofire
    - IQKeyboardManagerSwift
    - KVSpinnerView
    - Moya
    - MXParallaxHeader
    - Nuke
    - QuickLayout
    - Result
    - SwiftEntryKit

SPEC CHECKSUMS:
  Alamofire: ae5c501addb7afdbb13687d7f2f722c78734c2d3
  IQKeyboardManagerSwift: ed9b04ee0e3067ffba543283462d619f944b05e5
  KVSpinnerView: ce89cec80a5776ba4639c312770f01c8a091e80a
  Moya: f4a4b80ff2f8a4ffc208dfb31cd91636622fee6e
  MXParallaxHeader: 858c403532ed933b381556a81ce333d7065ad182
  Nuke: 44130e95e09463f8773ae4b96b90de1eba6b3350
  QuickLayout: 07b45a72b10083fee3f095990cfed1c1e7b27f0a
  Result: bd966fac789cc6c1563440b348ab2598cc24d5c7
  SwiftEntryKit: 7bcd42b3dbff59c431d60d6513129fd3679e4aaf

PODFILE CHECKSUM: 3adaf994c32cdc84e745cbf5595de5ef35854367

COCOAPODS: 1.7.5
